// !$*UTF8*$!
{
	archiveVersion = 1;
	classes = {
	};
	objectVersion = 56;
	objects = {

/* Begin PBXBuildFile section */
		1D6FB1362C402C9700684036 /* success.m4a in Resources */ = {isa = PBXBuildFile; fileRef = 1D6FB1342C402C9700684036 /* success.m4a */; };
		1D6FB1372C402C9700684036 /* chimeup.mp3 in Resources */ = {isa = PBXBuildFile; fileRef = 1D6FB1352C402C9700684036 /* chimeup.mp3 */; };
		1D6FB13A2C402DE100684036 /* HomeView.swift in Sources */ = {isa = PBXBuildFile; fileRef = 1D6FB1392C402DE100684036 /* HomeView.swift */; };
		1D6FB13D2C402E4D00684036 /* ColorExtension.swift in Sources */ = {isa = PBXBuildFile; fileRef = 1D6FB13C2C402E4D00684036 /* ColorExtension.swift */; };
		1D6FB13F2C4031A100684036 /* OnboardingView.swift in Sources */ = {isa = PBXBuildFile; fileRef = 1D6FB13E2C4031A100684036 /* OnboardingView.swift */; };
		1D6FB1422C40333A00684036 /* CircleGroupView.swift in Sources */ = {isa = PBXBuildFile; fileRef = 1D6FB1412C40333A00684036 /* CircleGroupView.swift */; };
		1D6FB1452C403E3800684036 /* UIScreen+Extension.swift in Sources */ = {isa = PBXBuildFile; fileRef = 1D6FB1442C403E3800684036 /* UIScreen+Extension.swift */; };
		1D6FB1472C403F7600684036 /* UIWindow+Extension.swift in Sources */ = {isa = PBXBuildFile; fileRef = 1D6FB1462C403F7600684036 /* UIWindow+Extension.swift */; };
		1D6FB1492C40609500684036 /* AudioPlayer.swift in Sources */ = {isa = PBXBuildFile; fileRef = 1D6FB1482C40609500684036 /* AudioPlayer.swift */; };
		1D6FB14B2C4060BA00684036 /* Constants.swift in Sources */ = {isa = PBXBuildFile; fileRef = 1D6FB14A2C4060BA00684036 /* Constants.swift */; };
		1DABD2B52C35E4C200904E1E /* RestartApp.swift in Sources */ = {isa = PBXBuildFile; fileRef = 1DABD2B42C35E4C200904E1E /* RestartApp.swift */; };
		1DABD2B92C35E4C400904E1E /* Assets.xcassets in Resources */ = {isa = PBXBuildFile; fileRef = 1DABD2B82C35E4C400904E1E /* Assets.xcassets */; };
		1DABD2BC2C35E4C400904E1E /* Preview Assets.xcassets in Resources */ = {isa = PBXBuildFile; fileRef = 1DABD2BB2C35E4C400904E1E /* Preview Assets.xcassets */; };
/* End PBXBuildFile section */

/* Begin PBXFileReference section */
		1D6FB1342C402C9700684036 /* success.m4a */ = {isa = PBXFileReference; lastKnownFileType = file; path = success.m4a; sourceTree = "<group>"; };
		1D6FB1352C402C9700684036 /* chimeup.mp3 */ = {isa = PBXFileReference; lastKnownFileType = audio.mp3; path = chimeup.mp3; sourceTree = "<group>"; };
		1D6FB1392C402DE100684036 /* HomeView.swift */ = {isa = PBXFileReference; lastKnownFileType = sourcecode.swift; path = HomeView.swift; sourceTree = "<group>"; };
		1D6FB13C2C402E4D00684036 /* ColorExtension.swift */ = {isa = PBXFileReference; lastKnownFileType = sourcecode.swift; path = ColorExtension.swift; sourceTree = "<group>"; };
		1D6FB13E2C4031A100684036 /* OnboardingView.swift */ = {isa = PBXFileReference; lastKnownFileType = sourcecode.swift; path = OnboardingView.swift; sourceTree = "<group>"; };
		1D6FB1412C40333A00684036 /* CircleGroupView.swift */ = {isa = PBXFileReference; lastKnownFileType = sourcecode.swift; path = CircleGroupView.swift; sourceTree = "<group>"; };
		1D6FB1442C403E3800684036 /* UIScreen+Extension.swift */ = {isa = PBXFileReference; lastKnownFileType = sourcecode.swift; path = "UIScreen+Extension.swift"; sourceTree = "<group>"; };
		1D6FB1462C403F7600684036 /* UIWindow+Extension.swift */ = {isa = PBXFileReference; lastKnownFileType = sourcecode.swift; path = "UIWindow+Extension.swift"; sourceTree = "<group>"; };
		1D6FB1482C40609500684036 /* AudioPlayer.swift */ = {isa = PBXFileReference; lastKnownFileType = sourcecode.swift; path = AudioPlayer.swift; sourceTree = "<group>"; };
		1D6FB14A2C4060BA00684036 /* Constants.swift */ = {isa = PBXFileReference; lastKnownFileType = sourcecode.swift; path = Constants.swift; sourceTree = "<group>"; };
		1DABD2B12C35E4C200904E1E /* Restart.app */ = {isa = PBXFileReference; explicitFileType = wrapper.application; includeInIndex = 0; path = Restart.app; sourceTree = BUILT_PRODUCTS_DIR; };
		1DABD2B42C35E4C200904E1E /* RestartApp.swift */ = {isa = PBXFileReference; lastKnownFileType = sourcecode.swift; path = RestartApp.swift; sourceTree = "<group>"; };
		1DABD2B82C35E4C400904E1E /* Assets.xcassets */ = {isa = PBXFileReference; lastKnownFileType = folder.assetcatalog; path = Assets.xcassets; sourceTree = "<group>"; };
		1DABD2BB2C35E4C400904E1E /* Preview Assets.xcassets */ = {isa = PBXFileReference; lastKnownFileType = folder.assetcatalog; path = "Preview Assets.xcassets"; sourceTree = "<group>"; };
/* End PBXFileReference section */

/* Begin PBXFrameworksBuildPhase section */
		1DABD2AE2C35E4C200904E1E /* Frameworks */ = {
			isa = PBXFrameworksBuildPhase;
			buildActionMask = 2147483647;
			files = (
			);
			runOnlyForDeploymentPostprocessing = 0;
		};
/* End PBXFrameworksBuildPhase section */

/* Begin PBXGroup section */
		1D6FB1332C402C8B00684036 /* Sound */ = {
			isa = PBXGroup;
			children = (
				1D6FB1352C402C9700684036 /* chimeup.mp3 */,
				1D6FB1342C402C9700684036 /* success.m4a */,
			);
			path = Sound;
			sourceTree = "<group>";
		};
		1D6FB1382C402DBC00684036 /* Screen */ = {
			isa = PBXGroup;
			children = (
				1D6FB1392C402DE100684036 /* HomeView.swift */,
				1D6FB13E2C4031A100684036 /* OnboardingView.swift */,
			);
			path = Screen;
			sourceTree = "<group>";
		};
		1D6FB13B2C402E3300684036 /* Utility */ = {
			isa = PBXGroup;
			children = (
				1D6FB13C2C402E4D00684036 /* ColorExtension.swift */,
				1D6FB1482C40609500684036 /* AudioPlayer.swift */,
				1D6FB14A2C4060BA00684036 /* Constants.swift */,
			);
			path = Utility;
			sourceTree = "<group>";
		};
		1D6FB1402C4031F600684036 /* Component */ = {
			isa = PBXGroup;
			children = (
				1D6FB1412C40333A00684036 /* CircleGroupView.swift */,
			);
			path = Component;
			sourceTree = "<group>";
		};
		1D6FB1432C403E1800684036 /* Extension */ = {
			isa = PBXGroup;
			children = (
				1D6FB1442C403E3800684036 /* UIScreen+Extension.swift */,
				1D6FB1462C403F7600684036 /* UIWindow+Extension.swift */,
			);
			path = Extension;
			sourceTree = "<group>";
		};
		1DABD2A82C35E4C200904E1E = {
			isa = PBXGroup;
			children = (
				1DABD2B32C35E4C200904E1E /* Restart */,
				1DABD2B22C35E4C200904E1E /* Products */,
			);
			sourceTree = "<group>";
		};
		1DABD2B22C35E4C200904E1E /* Products */ = {
			isa = PBXGroup;
			children = (
				1DABD2B12C35E4C200904E1E /* Restart.app */,
			);
			name = Products;
			sourceTree = "<group>";
		};
		1DABD2B32C35E4C200904E1E /* Restart */ = {
			isa = PBXGroup;
			children = (
				1D6FB1432C403E1800684036 /* Extension */,
				1D6FB1402C4031F600684036 /* Component */,
				1D6FB13B2C402E3300684036 /* Utility */,
				1D6FB1382C402DBC00684036 /* Screen */,
				1D6FB1332C402C8B00684036 /* Sound */,
				1DABD2B42C35E4C200904E1E /* RestartApp.swift */,
				1DABD2B82C35E4C400904E1E /* Assets.xcassets */,
				1DABD2BA2C35E4C400904E1E /* Preview Content */,
			);
			path = Restart;
			sourceTree = "<group>";
		};
		1DABD2BA2C35E4C400904E1E /* Preview Content */ = {
			isa = PBXGroup;
			children = (
				1DABD2BB2C35E4C400904E1E /* Preview Assets.xcassets */,
			);
			path = "Preview Content";
			sourceTree = "<group>";
		};
/* End PBXGroup section */

/* Begin PBXNativeTarget section */
		1DABD2B02C35E4C200904E1E /* Restart */ = {
			isa = PBXNativeTarget;
			buildConfigurationList = 1DABD2BF2C35E4C400904E1E /* Build configuration list for PBXNativeTarget "Restart" */;
			buildPhases = (
				1DABD2AD2C35E4C200904E1E /* Sources */,
				1DABD2AE2C35E4C200904E1E /* Frameworks */,
				1DABD2AF2C35E4C200904E1E /* Resources */,
			);
			buildRules = (
			);
			dependencies = (
			);
			name = Restart;
			productName = Restart;
			productReference = 1DABD2B12C35E4C200904E1E /* Restart.app */;
			productType = "com.apple.product-type.application";
		};
/* End PBXNativeTarget section */

/* Begin PBXProject section */
		1DABD2A92C35E4C200904E1E /* Project object */ = {
			isa = PBXProject;
			attributes = {
				BuildIndependentTargetsInParallel = 1;
				LastSwiftUpdateCheck = 1540;
				LastUpgradeCheck = 1540;
				TargetAttributes = {
					1DABD2B02C35E4C200904E1E = {
						CreatedOnToolsVersion = 15.4;
					};
				};
			};
			buildConfigurationList = 1DABD2AC2C35E4C200904E1E /* Build configuration list for PBXProject "Restart" */;
			compatibilityVersion = "Xcode 14.0";
			developmentRegion = en;
			hasScannedForEncodings = 0;
			knownRegions = (
				en,
				Base,
			);
			mainGroup = 1DABD2A82C35E4C200904E1E;
			productRefGroup = 1DABD2B22C35E4C200904E1E /* Products */;
			projectDirPath = "";
			projectRoot = "";
			targets = (
				1DABD2B02C35E4C200904E1E /* Restart */,
			);
		};
/* End PBXProject section */

/* Begin PBXResourcesBuildPhase section */
		1DABD2AF2C35E4C200904E1E /* Resources */ = {
			isa = PBXResourcesBuildPhase;
			buildActionMask = 2147483647;
			files = (
				1D6FB1372C402C9700684036 /* chimeup.mp3 in Resources */,
				1DABD2BC2C35E4C400904E1E /* Preview Assets.xcassets in Resources */,
				1D6FB1362C402C9700684036 /* success.m4a in Resources */,
				1DABD2B92C35E4C400904E1E /* Assets.xcassets in Resources */,
			);
			runOnlyForDeploymentPostprocessing = 0;
		};
/* End PBXResourcesBuildPhase section */

/* Begin PBXSourcesBuildPhase section */
		1DABD2AD2C35E4C200904E1E /* Sources */ = {
			isa = PBXSourcesBuildPhase;
			buildActionMask = 2147483647;
			files = (
				1D6FB1422C40333A00684036 /* CircleGroupView.swift in Sources */,
				1D6FB13D2C402E4D00684036 /* ColorExtension.swift in Sources */,
				1D6FB14B2C4060BA00684036 /* Constants.swift in Sources */,
				1D6FB1472C403F7600684036 /* UIWindow+Extension.swift in Sources */,
				1D6FB1492C40609500684036 /* AudioPlayer.swift in Sources */,
				1D6FB13F2C4031A100684036 /* OnboardingView.swift in Sources */,
				1D6FB13A2C402DE100684036 /* HomeView.swift in Sources */,
				1DABD2B52C35E4C200904E1E /* RestartApp.swift in Sources */,
				1D6FB1452C403E3800684036 /* UIScreen+Extension.swift in Sources */,
			);
			runOnlyForDeploymentPostprocessing = 0;
		};
/* End PBXSourcesBuildPhase section */

/* Begin XCBuildConfiguration section */
		1DABD2BD2C35E4C400904E1E /* Debug */ = {
			isa = XCBuildConfiguration;
			buildSettings = {
				ALWAYS_SEARCH_USER_PATHS = NO;
				ASSETCATALOG_COMPILER_GENERATE_SWIFT_ASSET_SYMBOL_EXTENSIONS = YES;
				CLANG_ANALYZER_NONNULL = YES;
				CLANG_ANALYZER_NUMBER_OBJECT_CONVERSION = YES_AGGRESSIVE;
				CLANG_CXX_LANGUAGE_STANDARD = "gnu++20";
				CLANG_ENABLE_MODULES = YES;
				CLANG_ENABLE_OBJC_ARC = YES;
				CLANG_ENABLE_OBJC_WEAK = YES;
				CLANG_WARN_BLOCK_CAPTURE_AUTORELEASING = YES;
				CLANG_WARN_BOOL_CONVERSION = YES;
				CLANG_WARN_COMMA = YES;
				CLANG_WARN_CONSTANT_CONVERSION = YES;
				CLANG_WARN_DEPRECATED_OBJC_IMPLEMENTATIONS = YES;
				CLANG_WARN_DIRECT_OBJC_ISA_USAGE = YES_ERROR;
				CLANG_WARN_DOCUMENTATION_COMMENTS = YES;
				CLANG_WARN_EMPTY_BODY = YES;
				CLANG_WARN_ENUM_CONVERSION = YES;
				CLANG_WARN_INFINITE_RECURSION = YES;
				CLANG_WARN_INT_CONVERSION = YES;
				CLANG_WARN_NON_LITERAL_NULL_CONVERSION = YES;
				CLANG_WARN_OBJC_IMPLICIT_RETAIN_SELF = YES;
				CLANG_WARN_OBJC_LITERAL_CONVERSION = YES;
				CLANG_WARN_OBJC_ROOT_CLASS = YES_ERROR;
				CLANG_WARN_QUOTED_INCLUDE_IN_FRAMEWORK_HEADER = YES;
				CLANG_WARN_RANGE_LOOP_ANALYSIS = YES;
				CLANG_WARN_STRICT_PROTOTYPES = YES;
				CLANG_WARN_SUSPICIOUS_MOVE = YES;
				CLANG_WARN_UNGUARDED_AVAILABILITY = YES_AGGRESSIVE;
				CLANG_WARN_UNREACHABLE_CODE = YES;
				CLANG_WARN__DUPLICATE_METHOD_MATCH = YES;
				COPY_PHASE_STRIP = NO;
				DEBUG_INFORMATION_FORMAT = dwarf;
				ENABLE_STRICT_OBJC_MSGSEND = YES;
				ENABLE_TESTABILITY = YES;
				ENABLE_USER_SCRIPT_SANDBOXING = YES;
				GCC_C_LANGUAGE_STANDARD = gnu17;
				GCC_DYNAMIC_NO_PIC = NO;
				GCC_NO_COMMON_BLOCKS = YES;
				GCC_OPTIMIZATION_LEVEL = 0;
				GCC_PREPROCESSOR_DEFINITIONS = (
					"DEBUG=1",
					"$(inherited)",
				);
				GCC_WARN_64_TO_32_BIT_CONVERSION = YES;
				GCC_WARN_ABOUT_RETURN_TYPE = YES_ERROR;
				GCC_WARN_UNDECLARED_SELECTOR = YES;
				GCC_WARN_UNINITIALIZED_AUTOS = YES_AGGRESSIVE;
				GCC_WARN_UNUSED_FUNCTION = YES;
				GCC_WARN_UNUSED_VARIABLE = YES;
				IPHONEOS_DEPLOYMENT_TARGET = 17.5;
				LOCALIZATION_PREFERS_STRING_CATALOGS = YES;
				MTL_ENABLE_DEBUG_INFO = INCLUDE_SOURCE;
				MTL_FAST_MATH = YES;
				ONLY_ACTIVE_ARCH = YES;
				SDKROOT = iphoneos;
				SWIFT_ACTIVE_COMPILATION_CONDITIONS = "DEBUG $(inherited)";
				SWIFT_OPTIMIZATION_LEVEL = "-Onone";
			};
			name = Debug;
		};
		1DABD2BE2C35E4C400904E1E /* Release */ = {
			isa = XCBuildConfiguration;
			buildSettings = {
				ALWAYS_SEARCH_USER_PATHS = NO;
				ASSETCATALOG_COMPILER_GENERATE_SWIFT_ASSET_SYMBOL_EXTENSIONS = YES;
				CLANG_ANALYZER_NONNULL = YES;
				CLANG_ANALYZER_NUMBER_OBJECT_CONVERSION = YES_AGGRESSIVE;
				CLANG_CXX_LANGUAGE_STANDARD = "gnu++20";
				CLANG_ENABLE_MODULES = YES;
				CLANG_ENABLE_OBJC_ARC = YES;
				CLANG_ENABLE_OBJC_WEAK = YES;
				CLANG_WARN_BLOCK_CAPTURE_AUTORELEASING = YES;
				CLANG_WARN_BOOL_CONVERSION = YES;
				CLANG_WARN_COMMA = YES;
				CLANG_WARN_CONSTANT_CONVERSION = YES;
				CLANG_WARN_DEPRECATED_OBJC_IMPLEMENTATIONS = YES;
				CLANG_WARN_DIRECT_OBJC_ISA_USAGE = YES_ERROR;
				CLANG_WARN_DOCUMENTATION_COMMENTS = YES;
				CLANG_WARN_EMPTY_BODY = YES;
				CLANG_WARN_ENUM_CONVERSION = YES;
				CLANG_WARN_INFINITE_RECURSION = YES;
				CLANG_WARN_INT_CONVERSION = YES;
				CLANG_WARN_NON_LITERAL_NULL_CONVERSION = YES;
				CLANG_WARN_OBJC_IMPLICIT_RETAIN_SELF = YES;
				CLANG_WARN_OBJC_LITERAL_CONVERSION = YES;
				CLANG_WARN_OBJC_ROOT_CLASS = YES_ERROR;
				CLANG_WARN_QUOTED_INCLUDE_IN_FRAMEWORK_HEADER = YES;
				CLANG_WARN_RANGE_LOOP_ANALYSIS = YES;
				CLANG_WARN_STRICT_PROTOTYPES = YES;
				CLANG_WARN_SUSPICIOUS_MOVE = YES;
				CLANG_WARN_UNGUARDED_AVAILABILITY = YES_AGGRESSIVE;
				CLANG_WARN_UNREACHABLE_CODE = YES;
				CLANG_WARN__DUPLICATE_METHOD_MATCH = YES;
				COPY_PHASE_STRIP = NO;
				DEBUG_INFORMATION_FORMAT = "dwarf-with-dsym";
				ENABLE_NS_ASSERTIONS = NO;
				ENABLE_STRICT_OBJC_MSGSEND = YES;
				ENABLE_USER_SCRIPT_SANDBOXING = YES;
				GCC_C_LANGUAGE_STANDARD = gnu17;
				GCC_NO_COMMON_BLOCKS = YES;
				GCC_WARN_64_TO_32_BIT_CONVERSION = YES;
				GCC_WARN_ABOUT_RETURN_TYPE = YES_ERROR;
				GCC_WARN_UNDECLARED_SELECTOR = YES;
				GCC_WARN_UNINITIALIZED_AUTOS = YES_AGGRESSIVE;
				GCC_WARN_UNUSED_FUNCTION = YES;
				GCC_WARN_UNUSED_VARIABLE = YES;
				IPHONEOS_DEPLOYMENT_TARGET = 17.5;
				LOCALIZATION_PREFERS_STRING_CATALOGS = YES;
				MTL_ENABLE_DEBUG_INFO = NO;
				MTL_FAST_MATH = YES;
				SDKROOT = iphoneos;
				SWIFT_COMPILATION_MODE = wholemodule;
				VALIDATE_PRODUCT = YES;
			};
			name = Release;
		};
		1DABD2C02C35E4C400904E1E /* Debug */ = {
			isa = XCBuildConfiguration;
			buildSettings = {
				ASSETCATALOG_COMPILER_APPICON_NAME = AppIcon;
				ASSETCATALOG_COMPILER_GLOBAL_ACCENT_COLOR_NAME = AccentColor;
				CODE_SIGN_STYLE = Automatic;
				CURRENT_PROJECT_VERSION = 1;
				DEVELOPMENT_ASSET_PATHS = "\"Restart/Preview Content\"";
				DEVELOPMENT_TEAM = R5WM29964H;
				ENABLE_PREVIEWS = YES;
				GENERATE_INFOPLIST_FILE = YES;
				INFOPLIST_KEY_UIApplicationSceneManifest_Generation = YES;
				INFOPLIST_KEY_UIApplicationSupportsIndirectInputEvents = YES;
				INFOPLIST_KEY_UILaunchScreen_Generation = YES;
				INFOPLIST_KEY_UISupportedInterfaceOrientations_iPad = "UIInterfaceOrientationPortrait UIInterfaceOrientationPortraitUpsideDown UIInterfaceOrientationLandscapeLeft UIInterfaceOrientationLandscapeRight";
				INFOPLIST_KEY_UISupportedInterfaceOrientations_iPhone = "UIInterfaceOrientationPortrait UIInterfaceOrientationLandscapeLeft UIInterfaceOrientationLandscapeRight";
				LD_RUNPATH_SEARCH_PATHS = (
					"$(inherited)",
					"@executable_path/Frameworks",
				);
				MARKETING_VERSION = 1.0;
				PRODUCT_BUNDLE_IDENTIFIER = com.faizulkarim.Restart;
				PRODUCT_NAME = "$(TARGET_NAME)";
				SWIFT_EMIT_LOC_STRINGS = YES;
				SWIFT_VERSION = 5.0;
				TARGETED_DEVICE_FAMILY = "1,2";
			};
			name = Debug;
		};
		1DABD2C12C35E4C400904E1E /* Release */ = {
			isa = XCBuildConfiguration;
			buildSettings = {
				ASSETCATALOG_COMPILER_APPICON_NAME = AppIcon;
				ASSETCATALOG_COMPILER_GLOBAL_ACCENT_COLOR_NAME = AccentColor;
				CODE_SIGN_STYLE = Automatic;
				CURRENT_PROJECT_VERSION = 1;
				DEVELOPMENT_ASSET_PATHS = "\"Restart/Preview Content\"";
				DEVELOPMENT_TEAM = R5WM29964H;
				ENABLE_PREVIEWS = YES;
				GENERATE_INFOPLIST_FILE = YES;
				INFOPLIST_KEY_UIApplicationSceneManifest_Generation = YES;
				INFOPLIST_KEY_UIApplicationSupportsIndirectInputEvents = YES;
				INFOPLIST_KEY_UILaunchScreen_Generation = YES;
				INFOPLIST_KEY_UISupportedInterfaceOrientations_iPad = "UIInterfaceOrientationPortrait UIInterfaceOrientationPortraitUpsideDown UIInterfaceOrientationLandscapeLeft UIInterfaceOrientationLandscapeRight";
				INFOPLIST_KEY_UISupportedInterfaceOrientations_iPhone = "UIInterfaceOrientationPortrait UIInterfaceOrientationLandscapeLeft UIInterfaceOrientationLandscapeRight";
				LD_RUNPATH_SEARCH_PATHS = (
					"$(inherited)",
					"@executable_path/Frameworks",
				);
				MARKETING_VERSION = 1.0;
				PRODUCT_BUNDLE_IDENTIFIER = com.faizulkarim.Restart;
				PRODUCT_NAME = "$(TARGET_NAME)";
				SWIFT_EMIT_LOC_STRINGS = YES;
				SWIFT_VERSION = 5.0;
				TARGETED_DEVICE_FAMILY = "1,2";
			};
			name = Release;
		};
/* End XCBuildConfiguration section */

/* Begin XCConfigurationList section */
		1DABD2AC2C35E4C200904E1E /* Build configuration list for PBXProject "Restart" */ = {
			isa = XCConfigurationList;
			buildConfigurations = (
				1DABD2BD2C35E4C400904E1E /* Debug */,
				1DABD2BE2C35E4C400904E1E /* Release */,
			);
			defaultConfigurationIsVisible = 0;
			defaultConfigurationName = Release;
		};
		1DABD2BF2C35E4C400904E1E /* Build configuration list for PBXNativeTarget "Restart" */ = {
			isa = XCConfigurationList;
			buildConfigurations = (
				1DABD2C02C35E4C400904E1E /* Debug */,
				1DABD2C12C35E4C400904E1E /* Release */,
			);
			defaultConfigurationIsVisible = 0;
			defaultConfigurationName = Release;
		};
/* End XCConfigurationList section */
	};
	rootObject = 1DABD2A92C35E4C200904E1E /* Project object */;
}
